
Microsoft Visual Studio Solution File, Format Version 12.00
# Visual Studio Version 16
VisualStudioVersion = 16.0.31105.61
MinimumVisualStudioVersion = 10.0.40219.1
Project("{FAE04EC0-301F-11D3-BF4B-00C04F79EFBC}") = "CustomizeRuleSetsHandsOn", "CustomizeRuleSetsHandsOn\CustomizeRuleSetsHandsOn.csproj", "{4856AA9A-874A-4C0B-BC92-2A1E6A532E5B}"
EndProject
Project("{2150E333-8FDC-42A3-9474-1A3956D46DE8}") = "Solution Items", "Solution Items", "{FC0E79A9-16D4-4E5F-B8E1-1AD3B026B392}"
	ProjectSection(SolutionItems) = preProject
		RuleSet1.ruleset = RuleSet1.ruleset
	EndProjectSection
EndProject
Global
	GlobalSection(SolutionConfigurationPlatforms) = preSolution
		Debug|Any CPU = Debug|Any CPU
		Release|Any CPU = Release|Any CPU
	EndGlobalSection
	GlobalSection(ProjectConfigurationPlatforms) = postSolution
		{4856AA9A-874A-4C0B-BC92-2A1E6A532E5B}.Debug|Any CPU.ActiveCfg = Debug|Any CPU
		{4856AA9A-874A-4C0B-BC92-2A1E6A532E5B}.Debug|Any CPU.Build.0 = Debug|Any CPU
		{4856AA9A-874A-4C0B-BC92-2A1E6A532E5B}.Release|Any CPU.ActiveCfg = Release|Any CPU
		{4856AA9A-874A-4C0B-BC92-2A1E6A532E5B}.Release|Any CPU.Build.0 = Release|Any CPU
	EndGlobalSection
	GlobalSection(SolutionProperties) = preSolution
		HideSolutionNode = FALSE
	EndGlobalSection
	GlobalSection(ExtensibilityGlobals) = postSolution
		SolutionGuid = {DDD48C2A-886F-4B8D-B3FC-C804A34F130C}
	EndGlobalSection
EndGlobal
